<?xml version="1.0" encoding="utf-8"?>
<Project ToolsVersion="4.0" xmlns="http://schemas.microsoft.com/developer/msbuild/2003">
  <ItemGroup>
    <Filter Include="Quelldateien">
      <UniqueIdentifier>{4FC737F1-C7A5-4376-A066-2A32D752A2FF}</UniqueIdentifier>
      <Extensions>cpp;c;cc;cxx;c++;cppm;ixx;def;odl;idl;hpj;bat;asm;asmx</Extensions>
    </Filter>
    <Filter Include="Headerdateien">
      <UniqueIdentifier>{93995380-89BD-4b04-88EB-625FBE52EBFB}</UniqueIdentifier>
      <Extensions>h;hh;hpp;hxx;h++;hm;inl;inc;ipp;xsd</Extensions>
    </Filter>
    <Filter Include="Ressourcendateien">
      <UniqueIdentifier>{67DA6AB6-F800-4c08-8B7A-83BB121AAD01}</UniqueIdentifier>
      <Extensions>rc;ico;cur;bmp;dlg;rc2;rct;bin;rgs;gif;jpg;jpeg;jpe;resx;tiff;tif;png;wav;mfcribbon-ms</Extensions>
    </Filter>
  </ItemGroup>
  <ItemGroup>
    <ClCompile Include="Uebung03.cpp">
      <Filter>Quelldateien</Filter>
    </ClCompile>
    <ClCompile Include="Object.hpp">
      <Filter>Headerdateien</Filter>
    </ClCompile>
    <ClCompile Include="VideoPlayer.hpp">
      <Filter>Headerdateien</Filter>
    </ClCompile>
    <ClCompile Include="VideoPlayer.cpp">
      <Filter>Quelldateien</Filter>
    </ClCompile>
    <ClCompile Include="MusicPlayer.cpp">
      <Filter>Quelldateien</Filter>
    </ClCompile>
    <ClCompile Include="IMediaWrapper.hpp">
      <Filter>Headerdateien</Filter>
    </ClCompile>
    <ClCompile Include="MusicPlayerWrapper.hpp">
      <Filter>Headerdateien</Filter>
    </ClCompile>
    <ClCompile Include="Video.hpp">
      <Filter>Headerdateien</Filter>
    </ClCompile>
    <ClCompile Include="Song.cpp">
      <Filter>Quelldateien</Filter>
    </ClCompile>
    <ClCompile Include="Video.cpp">
      <Filter>Quelldateien</Filter>
    </ClCompile>
    <ClCompile Include="MusicPlayerWrapper.cpp">
      <Filter>Quelldateien</Filter>
    </ClCompile>
    <ClCompile Include="VideoPlayerWrapper.cpp">
      <Filter>Quelldateien</Filter>
    </ClCompile>
  </ItemGroup>
  <ItemGroup>
    <ClInclude Include="MusicPlayer.hpp">
      <Filter>Headerdateien</Filter>
    </ClInclude>
    <ClInclude Include="VideoPlayerWrapper.hpp">
      <Filter>Headerdateien</Filter>
    </ClInclude>
    <ClInclude Include="Song.hpp">
      <Filter>Headerdateien</Filter>
    </ClInclude>
  </ItemGroup>
</Project>